
Microsoft Visual Studio Solution File, Format Version 12.00
Project("{FAE04EC0-301F-11D3-BF4B-00C04F79EFBC}") = "RoomReservation", "RoomReservation\RoomReservation.csproj", "{CF9FFC3B-A9BE-47A8-B7DE-6B13F5411B9B}"
EndProject
Project("{FAE04EC0-301F-11D3-BF4B-00C04F79EFBC}") = "RoomReservation.Domain", "RoomReservation.Domain\RoomReservation.Domain.csproj", "{C3EC9100-1EBA-416D-9550-67179A9C5705}"
EndProject
Project("{FAE04EC0-301F-11D3-BF4B-00C04F79EFBC}") = "RoomReservation.Application", "RoomReservation.Application\RoomReservation.Application.csproj", "{F7CBFBA1-7C7D-4175-B16F-803AF465BB64}"
EndProject
Project("{FAE04EC0-301F-11D3-BF4B-00C04F79EFBC}") = "RoomReservation.Infrastructure", "RoomReservation.Infrastructure\RoomReservation.Infrastructure.csproj", "{F02E49F0-8A1D-4FD7-BF69-6E511F7E03D6}"
EndProject
Project("{FAE04EC0-301F-11D3-BF4B-00C04F79EFBC}") = "RoomReservation.Test", "RoomReservation.Test\RoomReservation.Test.csproj", "{B93719D0-152A-40F4-8460-825927BBFCF6}"

EndProject
Global
	GlobalSection(SolutionConfigurationPlatforms) = preSolution
		Debug|Any CPU = Debug|Any CPU
		Release|Any CPU = Release|Any CPU
	EndGlobalSection

	GlobalSection(ProjectConfigurationPlatforms) = postSolution
		{CF9FFC3B-A9BE-47A8-B7DE-6B13F5411B9B}.Debug|Any CPU.ActiveCfg = Debug|Any CPU
		{CF9FFC3B-A9BE-47A8-B7DE-6B13F5411B9B}.Debug|Any CPU.Build.0 = Debug|Any CPU
		{CF9FFC3B-A9BE-47A8-B7DE-6B13F5411B9B}.Release|Any CPU.ActiveCfg = Release|Any CPU
		{CF9FFC3B-A9BE-47A8-B7DE-6B13F5411B9B}.Release|Any CPU.Build.0 = Release|Any CPU
		{C3EC9100-1EBA-416D-9550-67179A9C5705}.Debug|Any CPU.ActiveCfg = Debug|Any CPU
		{C3EC9100-1EBA-416D-9550-67179A9C5705}.Debug|Any CPU.Build.0 = Debug|Any CPU
		{C3EC9100-1EBA-416D-9550-67179A9C5705}.Release|Any CPU.ActiveCfg = Release|Any CPU
		{C3EC9100-1EBA-416D-9550-67179A9C5705}.Release|Any CPU.Build.0 = Release|Any CPU
		{F7CBFBA1-7C7D-4175-B16F-803AF465BB64}.Debug|Any CPU.ActiveCfg = Debug|Any CPU
		{F7CBFBA1-7C7D-4175-B16F-803AF465BB64}.Debug|Any CPU.Build.0 = Debug|Any CPU
		{F7CBFBA1-7C7D-4175-B16F-803AF465BB64}.Release|Any CPU.ActiveCfg = Release|Any CPU
		{F7CBFBA1-7C7D-4175-B16F-803AF465BB64}.Release|Any CPU.Build.0 = Release|Any CPU
		{F02E49F0-8A1D-4FD7-BF69-6E511F7E03D6}.Debug|Any CPU.ActiveCfg = Debug|Any CPU
		{F02E49F0-8A1D-4FD7-BF69-6E511F7E03D6}.Debug|Any CPU.Build.0 = Debug|Any CPU
		{F02E49F0-8A1D-4FD7-BF69-6E511F7E03D6}.Release|Any CPU.ActiveCfg = Release|Any CPU
		{F02E49F0-8A1D-4FD7-BF69-6E511F7E03D6}.Release|Any CPU.Build.0 = Release|Any CPU
		{B93719D0-152A-40F4-8460-825927BBFCF6}.Debug|Any CPU.ActiveCfg = Debug|Any CPU
		{B93719D0-152A-40F4-8460-825927BBFCF6}.Debug|Any CPU.Build.0 = Debug|Any CPU
		{B93719D0-152A-40F4-8460-825927BBFCF6}.Release|Any CPU.ActiveCfg = Release|Any CPU
		{B93719D0-152A-40F4-8460-825927BBFCF6}.Release|Any CPU.Build.0 = Release|Any CPU
	EndGlobalSection
EndGlobal
